// !$*UTF8*$!
{
	archiveVersion = 1;
	classes = {
	};
	objectVersion = 77;
	objects = {

/* Begin PBXContainerItemProxy section */
		294C1BAA2EAC340C003CB172 /* PBXContainerItemProxy */ = {
			isa = PBXContainerItemProxy;
			containerPortal = 294C1B922EAC340B003CB172 /* Project object */;
			proxyType = 1;
			remoteGlobalIDString = 294C1B992EAC340B003CB172;
			remoteInfo = PaxPhone;
		};
		294C1BB42EAC340C003CB172 /* PBXContainerItemProxy */ = {
			isa = PBXContainerItemProxy;
			containerPortal = 294C1B922EAC340B003CB172 /* Project object */;
			proxyType = 1;
			remoteGlobalIDString = 294C1B992EAC340B003CB172;
			remoteInfo = PaxPhone;
		};
/* End PBXContainerItemProxy section */

/* Begin PBXFileReference section */
		294C1B9A2EAC340B003CB172 /* PaxPhone.app */ = {isa = PBXFileReference; explicitFileType = wrapper.application; includeInIndex = 0; path = PaxPhone.app; sourceTree = BUILT_PRODUCTS_DIR; };
		294C1BA92EAC340C003CB172 /* PaxPhoneTests.xctest */ = {isa = PBXFileReference; explicitFileType = wrapper.cfbundle; includeInIndex = 0; path = PaxPhoneTests.xctest; sourceTree = BUILT_PRODUCTS_DIR; };
		294C1BB32EAC340C003CB172 /* PaxPhoneUITests.xctest */ = {isa = PBXFileReference; explicitFileType = wrapper.cfbundle; includeInIndex = 0; path = PaxPhoneUITests.xctest; sourceTree = BUILT_PRODUCTS_DIR; };
/* End PBXFileReference section */

/* Begin PBXFileSystemSynchronizedRootGroup section */
		294C1B9C2EAC340B003CB172 /* PaxPhone */ = {
			isa = PBXFileSystemSynchronizedRootGroup;
			path = PaxPhone;
			sourceTree = "<group>";
		};
		294C1BAC2EAC340C003CB172 /* PaxPhoneTests */ = {
			isa = PBXFileSystemSynchronizedRootGroup;
			path = PaxPhoneTests;
			sourceTree = "<group>";
		};
		294C1BB62EAC340C003CB172 /* PaxPhoneUITests */ = {
			isa = PBXFileSystemSynchronizedRootGroup;
			path = PaxPhoneUITests;
			sourceTree = "<group>";
		};
/* End PBXFileSystemSynchronizedRootGroup section */

/* Begin PBXFrameworksBuildPhase section */
		294C1B972EAC340B003CB172 /* Frameworks */ = {
			isa = PBXFrameworksBuildPhase;
			buildActionMask = 2147483647;
			files = (
			);
			runOnlyForDeploymentPostprocessing = 0;
		};
		294C1BA62EAC340C003CB172 /* Frameworks */ = {
			isa = PBXFrameworksBuildPhase;
			buildActionMask = 2147483647;
			files = (
			);
			runOnlyForDeploymentPostprocessing = 0;
		};
		294C1BB02EAC340C003CB172 /* Frameworks */ = {
			isa = PBXFrameworksBuildPhase;
			buildActionMask = 2147483647;
			files = (
			);
			runOnlyForDeploymentPostprocessing = 0;
		};
/* End PBXFrameworksBuildPhase section */

/* Begin PBXGroup section */
		294C1B912EAC340B003CB172 = {
			isa = PBXGroup;
			children = (
				294C1B9C2EAC340B003CB172 /* PaxPhone */,
				294C1BAC2EAC340C003CB172 /* PaxPhoneTests */,
				294C1BB62EAC340C003CB172 /* PaxPhoneUITests */,
				294C1B9B2EAC340B003CB172 /* Products */,
			);
			sourceTree = "<group>";
		};
		294C1B9B2EAC340B003CB172 /* Products */ = {
			isa = PBXGroup;
			children = (
				294C1B9A2EAC340B003CB172 /* PaxPhone.app */,
				294C1BA92EAC340C003CB172 /* PaxPhoneTests.xctest */,
				294C1BB32EAC340C003CB172 /* PaxPhoneUITests.xctest */,
			);
			name = Products;
			sourceTree = "<group>";
		};
/* End PBXGroup section */

/* Begin PBXNativeTarget section */
		294C1B992EAC340B003CB172 /* PaxPhone */ = {
			isa = PBXNativeTarget;
			buildConfigurationList = 294C1BBD2EAC340C003CB172 /* Build configuration list for PBXNativeTarget "PaxPhone" */;
			buildPhases = (
				294C1B962EAC340B003CB172 /* Sources */,
				294C1B972EAC340B003CB172 /* Frameworks */,
				294C1B982EAC340B003CB172 /* Resources */,
			);
			buildRules = (
			);
			dependencies = (
			);
			fileSystemSynchronizedGroups = (
				294C1B9C2EAC340B003CB172 /* PaxPhone */,
			);
			name = PaxPhone;
			packageProductDependencies = (
			);
			productName = PaxPhone;
			productReference = 294C1B9A2EAC340B003CB172 /* PaxPhone.app */;
			productType = "com.apple.product-type.application";
		};
		294C1BA82EAC340C003CB172 /* PaxPhoneTests */ = {
			isa = PBXNativeTarget;
			buildConfigurationList = 294C1BC02EAC340C003CB172 /* Build configuration list for PBXNativeTarget "PaxPhoneTests" */;
			buildPhases = (
				294C1BA52EAC340C003CB172 /* Sources */,
				294C1BA62EAC340C003CB172 /* Frameworks */,
				294C1BA72EAC340C003CB172 /* Resources */,
			);
			buildRules = (
			);
			dependencies = (
				294C1BAB2EAC340C003CB172 /* PBXTargetDependency */,
			);
			fileSystemSynchronizedGroups = (
				294C1BAC2EAC340C003CB172 /* PaxPhoneTests */,
			);
			name = PaxPhoneTests;
			packageProductDependencies = (
			);
			productName = PaxPhoneTests;
			productReference = 294C1BA92EAC340C003CB172 /* PaxPhoneTests.xctest */;
			productType = "com.apple.product-type.bundle.unit-test";
		};
		294C1BB22EAC340C003CB172 /* PaxPhoneUITests */ = {
			isa = PBXNativeTarget;
			buildConfigurationList = 294C1BC32EAC340C003CB172 /* Build configuration list for PBXNativeTarget "PaxPhoneUITests" */;
			buildPhases = (
				294C1BAF2EAC340C003CB172 /* Sources */,
				294C1BB02EAC340C003CB172 /* Frameworks */,
				294C1BB12EAC340C003CB172 /* Resources */,
			);
			buildRules = (
			);
			dependencies = (
				294C1BB52EAC340C003CB172 /* PBXTargetDependency */,
			);
			fileSystemSynchronizedGroups = (
				294C1BB62EAC340C003CB172 /* PaxPhoneUITests */,
			);
			name = PaxPhoneUITests;
			packageProductDependencies = (
			);
			productName = PaxPhoneUITests;
			productReference = 294C1BB32EAC340C003CB172 /* PaxPhoneUITests.xctest */;
			productType = "com.apple.product-type.bundle.ui-testing";
		};
/* End PBXNativeTarget section */

/* Begin PBXProject section */
		294C1B922EAC340B003CB172 /* Project object */ = {
			isa = PBXProject;
			attributes = {
				BuildIndependentTargetsInParallel = 1;
				LastSwiftUpdateCheck = 2600;
				LastUpgradeCheck = 2600;
				TargetAttributes = {
					294C1B992EAC340B003CB172 = {
						CreatedOnToolsVersion = 26.0.1;
					};
					294C1BA82EAC340C003CB172 = {
						CreatedOnToolsVersion = 26.0.1;
						TestTargetID = 294C1B992EAC340B003CB172;
					};
					294C1BB22EAC340C003CB172 = {
						CreatedOnToolsVersion = 26.0.1;
						TestTargetID = 294C1B992EAC340B003CB172;
					};
				};
			};
			buildConfigurationList = 294C1B952EAC340B003CB172 /* Build configuration list for PBXProject "PaxPhone" */;
			developmentRegion = en;
			hasScannedForEncodings = 0;
			knownRegions = (
				en,
				Base,
			);
			mainGroup = 294C1B912EAC340B003CB172;
			minimizedProjectReferenceProxies = 1;
			preferredProjectObjectVersion = 77;
			productRefGroup = 294C1B9B2EAC340B003CB172 /* Products */;
			projectDirPath = "";
			projectRoot = "";
			targets = (
				294C1B992EAC340B003CB172 /* PaxPhone */,
				294C1BA82EAC340C003CB172 /* PaxPhoneTests */,
				294C1BB22EAC340C003CB172 /* PaxPhoneUITests */,
			);
		};
/* End PBXProject section */

/* Begin PBXResourcesBuildPhase section */
		294C1B982EAC340B003CB172 /* Resources */ = {
			isa = PBXResourcesBuildPhase;
			buildActionMask = 2147483647;
			files = (
			);
			runOnlyForDeploymentPostprocessing = 0;
		};
		294C1BA72EAC340C003CB172 /* Resources */ = {
			isa = PBXResourcesBuildPhase;
			buildActionMask = 2147483647;
			files = (
			);
			runOnlyForDeploymentPostprocessing = 0;
		};
		294C1BB12EAC340C003CB172 /* Resources */ = {
			isa = PBXResourcesBuildPhase;
			buildActionMask = 2147483647;
			files = (
			);
			runOnlyForDeploymentPostprocessing = 0;
		};
/* End PBXResourcesBuildPhase section */

/* Begin PBXSourcesBuildPhase section */
		294C1B962EAC340B003CB172 /* Sources */ = {
			isa = PBXSourcesBuildPhase;
			buildActionMask = 2147483647;
			files = (
			);
			runOnlyForDeploymentPostprocessing = 0;
		};
		294C1BA52EAC340C003CB172 /* Sources */ = {
			isa = PBXSourcesBuildPhase;
			buildActionMask = 2147483647;
			files = (
			);
			runOnlyForDeploymentPostprocessing = 0;
		};
		294C1BAF2EAC340C003CB172 /* Sources */ = {
			isa = PBXSourcesBuildPhase;
			buildActionMask = 2147483647;
			files = (
			);
			runOnlyForDeploymentPostprocessing = 0;
		};
/* End PBXSourcesBuildPhase section */

/* Begin PBXTargetDependency section */
		294C1BAB2EAC340C003CB172 /* PBXTargetDependency */ = {
			isa = PBXTargetDependency;
			target = 294C1B992EAC340B003CB172 /* PaxPhone */;
			targetProxy = 294C1BAA2EAC340C003CB172 /* PBXContainerItemProxy */;
		};
		294C1BB52EAC340C003CB172 /* PBXTargetDependency */ = {
			isa = PBXTargetDependency;
			target = 294C1B992EAC340B003CB172 /* PaxPhone */;
			targetProxy = 294C1BB42EAC340C003CB172 /* PBXContainerItemProxy */;
		};
/* End PBXTargetDependency section */

/* Begin XCBuildConfiguration section */
		294C1BBB2EAC340C003CB172 /* Debug */ = {
			isa = XCBuildConfiguration;
			buildSettings = {
				ALWAYS_SEARCH_USER_PATHS = NO;
				ASSETCATALOG_COMPILER_GENERATE_SWIFT_ASSET_SYMBOL_EXTENSIONS = YES;
				CLANG_ANALYZER_NONNULL = YES;
				CLANG_ANALYZER_NUMBER_OBJECT_CONVERSION = YES_AGGRESSIVE;
				CLANG_CXX_LANGUAGE_STANDARD = "gnu++20";
				CLANG_ENABLE_MODULES = YES;
				CLANG_ENABLE_OBJC_ARC = YES;
				CLANG_ENABLE_OBJC_WEAK = YES;
				CLANG_WARN_BLOCK_CAPTURE_AUTORELEASING = YES;
				CLANG_WARN_BOOL_CONVERSION = YES;
				CLANG_WARN_COMMA = YES;
				CLANG_WARN_CONSTANT_CONVERSION = YES;
				CLANG_WARN_DEPRECATED_OBJC_IMPLEMENTATIONS = YES;
				CLANG_WARN_DIRECT_OBJC_ISA_USAGE = YES_ERROR;
				CLANG_WARN_DOCUMENTATION_COMMENTS = YES;
				CLANG_WARN_EMPTY_BODY = YES;
				CLANG_WARN_ENUM_CONVERSION = YES;
				CLANG_WARN_INFINITE_RECURSION = YES;
				CLANG_WARN_INT_CONVERSION = YES;
				CLANG_WARN_NON_LITERAL_NULL_CONVERSION = YES;
				CLANG_WARN_OBJC_IMPLICIT_RETAIN_SELF = YES;
				CLANG_WARN_OBJC_LITERAL_CONVERSION = YES;
				CLANG_WARN_OBJC_ROOT_CLASS = YES_ERROR;
				CLANG_WARN_QUOTED_INCLUDE_IN_FRAMEWORK_HEADER = YES;
				CLANG_WARN_RANGE_LOOP_ANALYSIS = YES;
				CLANG_WARN_STRICT_PROTOTYPES = YES;
				CLANG_WARN_SUSPICIOUS_MOVE = YES;
				CLANG_WARN_UNGUARDED_AVAILABILITY = YES_AGGRESSIVE;
				CLANG_WARN_UNREACHABLE_CODE = YES;
				CLANG_WARN__DUPLICATE_METHOD_MATCH = YES;
				COPY_PHASE_STRIP = NO;
				DEBUG_INFORMATION_FORMAT = dwarf;
				DEVELOPMENT_TEAM = 5R6YKQ25GW;
				ENABLE_STRICT_OBJC_MSGSEND = YES;
				ENABLE_TESTABILITY = YES;
				ENABLE_USER_SCRIPT_SANDBOXING = YES;
				GCC_C_LANGUAGE_STANDARD = gnu17;
				GCC_DYNAMIC_NO_PIC = NO;
				GCC_NO_COMMON_BLOCKS = YES;
				GCC_OPTIMIZATION_LEVEL = 0;
				GCC_PREPROCESSOR_DEFINITIONS = (
					"DEBUG=1",
					"$(inherited)",
				);
				GCC_WARN_64_TO_32_BIT_CONVERSION = YES;
				GCC_WARN_ABOUT_RETURN_TYPE = YES_ERROR;
				GCC_WARN_UNDECLARED_SELECTOR = YES;
				GCC_WARN_UNINITIALIZED_AUTOS = YES_AGGRESSIVE;
				GCC_WARN_UNUSED_FUNCTION = YES;
				GCC_WARN_UNUSED_VARIABLE = YES;
				LOCALIZATION_PREFERS_STRING_CATALOGS = YES;
				MACOSX_DEPLOYMENT_TARGET = 26.0;
				MTL_ENABLE_DEBUG_INFO = INCLUDE_SOURCE;
				MTL_FAST_MATH = YES;
				ONLY_ACTIVE_ARCH = YES;
				SDKROOT = macosx;
				SWIFT_ACTIVE_COMPILATION_CONDITIONS = "DEBUG $(inherited)";
				SWIFT_OPTIMIZATION_LEVEL = "-Onone";
			};
			name = Debug;
		};
		294C1BBC2EAC340C003CB172 /* Release */ = {
			isa = XCBuildConfiguration;
			buildSettings = {
				ALWAYS_SEARCH_USER_PATHS = NO;
				ASSETCATALOG_COMPILER_GENERATE_SWIFT_ASSET_SYMBOL_EXTENSIONS = YES;
				CLANG_ANALYZER_NONNULL = YES;
				CLANG_ANALYZER_NUMBER_OBJECT_CONVERSION = YES_AGGRESSIVE;
				CLANG_CXX_LANGUAGE_STANDARD = "gnu++20";
				CLANG_ENABLE_MODULES = YES;
				CLANG_ENABLE_OBJC_ARC = YES;
				CLANG_ENABLE_OBJC_WEAK = YES;
				CLANG_WARN_BLOCK_CAPTURE_AUTORELEASING = YES;
				CLANG_WARN_BOOL_CONVERSION = YES;
				CLANG_WARN_COMMA = YES;
				CLANG_WARN_CONSTANT_CONVERSION = YES;
				CLANG_WARN_DEPRECATED_OBJC_IMPLEMENTATIONS = YES;
				CLANG_WARN_DIRECT_OBJC_ISA_USAGE = YES_ERROR;
				CLANG_WARN_DOCUMENTATION_COMMENTS = YES;
				CLANG_WARN_EMPTY_BODY = YES;
				CLANG_WARN_ENUM_CONVERSION = YES;
				CLANG_WARN_INFINITE_RECURSION = YES;
				CLANG_WARN_INT_CONVERSION = YES;
				CLANG_WARN_NON_LITERAL_NULL_CONVERSION = YES;
				CLANG_WARN_OBJC_IMPLICIT_RETAIN_SELF = YES;
				CLANG_WARN_OBJC_LITERAL_CONVERSION = YES;
				CLANG_WARN_OBJC_ROOT_CLASS = YES_ERROR;
				CLANG_WARN_QUOTED_INCLUDE_IN_FRAMEWORK_HEADER = YES;
				CLANG_WARN_RANGE_LOOP_ANALYSIS = YES;
				CLANG_WARN_STRICT_PROTOTYPES = YES;
				CLANG_WARN_SUSPICIOUS_MOVE = YES;
				CLANG_WARN_UNGUARDED_AVAILABILITY = YES_AGGRESSIVE;
				CLANG_WARN_UNREACHABLE_CODE = YES;
				CLANG_WARN__DUPLICATE_METHOD_MATCH = YES;
				COPY_PHASE_STRIP = NO;
				DEBUG_INFORMATION_FORMAT = "dwarf-with-dsym";
				DEVELOPMENT_TEAM = 5R6YKQ25GW;
				ENABLE_NS_ASSERTIONS = NO;
				ENABLE_STRICT_OBJC_MSGSEND = YES;
				ENABLE_USER_SCRIPT_SANDBOXING = YES;
				GCC_C_LANGUAGE_STANDARD = gnu17;
				GCC_NO_COMMON_BLOCKS = YES;
				GCC_WARN_64_TO_32_BIT_CONVERSION = YES;
				GCC_WARN_ABOUT_RETURN_TYPE = YES_ERROR;
				GCC_WARN_UNDECLARED_SELECTOR = YES;
				GCC_WARN_UNINITIALIZED_AUTOS = YES_AGGRESSIVE;
				GCC_WARN_UNUSED_FUNCTION = YES;
				GCC_WARN_UNUSED_VARIABLE = YES;
				LOCALIZATION_PREFERS_STRING_CATALOGS = YES;
				MACOSX_DEPLOYMENT_TARGET = 26.0;
				MTL_ENABLE_DEBUG_INFO = NO;
				MTL_FAST_MATH = YES;
				SDKROOT = macosx;
				SWIFT_COMPILATION_MODE = wholemodule;
			};
			name = Release;
		};
		294C1BBE2EAC340C003CB172 /* Debug */ = {
			isa = XCBuildConfiguration;
			buildSettings = {
				ASSETCATALOG_COMPILER_APPICON_NAME = AppIcon;
				ASSETCATALOG_COMPILER_GLOBAL_ACCENT_COLOR_NAME = AccentColor;
				CODE_SIGN_STYLE = Automatic;
				COMBINE_HIDPI_IMAGES = YES;
				CURRENT_PROJECT_VERSION = 1;
				DEVELOPMENT_TEAM = 5R6YKQ25GW;
				ENABLE_APP_SANDBOX = YES;
				ENABLE_HARDENED_RUNTIME = YES;
				ENABLE_PREVIEWS = YES;
				ENABLE_USER_SELECTED_FILES = readonly;
				GENERATE_INFOPLIST_FILE = YES;
				INFOPLIST_KEY_NSHumanReadableCopyright = "";
				LD_RUNPATH_SEARCH_PATHS = (
					"$(inherited)",
					"@executable_path/../Frameworks",
				);
				MARKETING_VERSION = 1.0;
				PRODUCT_BUNDLE_IDENTIFIER = tde.dev.PaxPhone;
				PRODUCT_NAME = "$(TARGET_NAME)";
				REGISTER_APP_GROUPS = YES;
				STRING_CATALOG_GENERATE_SYMBOLS = YES;
				SWIFT_APPROACHABLE_CONCURRENCY = YES;
				SWIFT_DEFAULT_ACTOR_ISOLATION = MainActor;
				SWIFT_EMIT_LOC_STRINGS = YES;
				SWIFT_UPCOMING_FEATURE_MEMBER_IMPORT_VISIBILITY = YES;
				SWIFT_VERSION = 5.0;
			};
			name = Debug;
		};
		294C1BBF2EAC340C003CB172 /* Release */ = {
			isa = XCBuildConfiguration;
			buildSettings = {
				ASSETCATALOG_COMPILER_APPICON_NAME = AppIcon;
				ASSETCATALOG_COMPILER_GLOBAL_ACCENT_COLOR_NAME = AccentColor;
				CODE_SIGN_STYLE = Automatic;
				COMBINE_HIDPI_IMAGES = YES;
				CURRENT_PROJECT_VERSION = 1;
				DEVELOPMENT_TEAM = 5R6YKQ25GW;
				ENABLE_APP_SANDBOX = YES;
				ENABLE_HARDENED_RUNTIME = YES;
				ENABLE_PREVIEWS = YES;
				ENABLE_USER_SELECTED_FILES = readonly;
				GENERATE_INFOPLIST_FILE = YES;
				INFOPLIST_KEY_NSHumanReadableCopyright = "";
				LD_RUNPATH_SEARCH_PATHS = (
					"$(inherited)",
					"@executable_path/../Frameworks",
				);
				MARKETING_VERSION = 1.0;
				PRODUCT_BUNDLE_IDENTIFIER = tde.dev.PaxPhone;
				PRODUCT_NAME = "$(TARGET_NAME)";
				REGISTER_APP_GROUPS = YES;
				STRING_CATALOG_GENERATE_SYMBOLS = YES;
				SWIFT_APPROACHABLE_CONCURRENCY = YES;
				SWIFT_DEFAULT_ACTOR_ISOLATION = MainActor;
				SWIFT_EMIT_LOC_STRINGS = YES;
				SWIFT_UPCOMING_FEATURE_MEMBER_IMPORT_VISIBILITY = YES;
				SWIFT_VERSION = 5.0;
			};
			name = Release;
		};
		294C1BC12EAC340C003CB172 /* Debug */ = {
			isa = XCBuildConfiguration;
			buildSettings = {
				BUNDLE_LOADER = "$(TEST_HOST)";
				CODE_SIGN_STYLE = Automatic;
				CURRENT_PROJECT_VERSION = 1;
				DEVELOPMENT_TEAM = 5R6YKQ25GW;
				GENERATE_INFOPLIST_FILE = YES;
				MACOSX_DEPLOYMENT_TARGET = 26.0;
				MARKETING_VERSION = 1.0;
				PRODUCT_BUNDLE_IDENTIFIER = tde.dev.PaxPhoneTests;
				PRODUCT_NAME = "$(TARGET_NAME)";
				STRING_CATALOG_GENERATE_SYMBOLS = NO;
				SWIFT_APPROACHABLE_CONCURRENCY = YES;
				SWIFT_EMIT_LOC_STRINGS = NO;
				SWIFT_UPCOMING_FEATURE_MEMBER_IMPORT_VISIBILITY = YES;
				SWIFT_VERSION = 5.0;
				TEST_HOST = "$(BUILT_PRODUCTS_DIR)/PaxPhone.app/$(BUNDLE_EXECUTABLE_FOLDER_PATH)/PaxPhone";
			};
			name = Debug;
		};
		294C1BC22EAC340C003CB172 /* Release */ = {
			isa = XCBuildConfiguration;
			buildSettings = {
				BUNDLE_LOADER = "$(TEST_HOST)";
				CODE_SIGN_STYLE = Automatic;
				CURRENT_PROJECT_VERSION = 1;
				DEVELOPMENT_TEAM = 5R6YKQ25GW;
				GENERATE_INFOPLIST_FILE = YES;
				MACOSX_DEPLOYMENT_TARGET = 26.0;
				MARKETING_VERSION = 1.0;
				PRODUCT_BUNDLE_IDENTIFIER = tde.dev.PaxPhoneTests;
				PRODUCT_NAME = "$(TARGET_NAME)";
				STRING_CATALOG_GENERATE_SYMBOLS = NO;
				SWIFT_APPROACHABLE_CONCURRENCY = YES;
				SWIFT_EMIT_LOC_STRINGS = NO;
				SWIFT_UPCOMING_FEATURE_MEMBER_IMPORT_VISIBILITY = YES;
				SWIFT_VERSION = 5.0;
				TEST_HOST = "$(BUILT_PRODUCTS_DIR)/PaxPhone.app/$(BUNDLE_EXECUTABLE_FOLDER_PATH)/PaxPhone";
			};
			name = Release;
		};
		294C1BC42EAC340C003CB172 /* Debug */ = {
			isa = XCBuildConfiguration;
			buildSettings = {
				CODE_SIGN_STYLE = Automatic;
				CURRENT_PROJECT_VERSION = 1;
				DEVELOPMENT_TEAM = 5R6YKQ25GW;
				GENERATE_INFOPLIST_FILE = YES;
				MARKETING_VERSION = 1.0;
				PRODUCT_BUNDLE_IDENTIFIER = tde.dev.PaxPhoneUITests;
				PRODUCT_NAME = "$(TARGET_NAME)";
				STRING_CATALOG_GENERATE_SYMBOLS = NO;
				SWIFT_APPROACHABLE_CONCURRENCY = YES;
				SWIFT_EMIT_LOC_STRINGS = NO;
				SWIFT_UPCOMING_FEATURE_MEMBER_IMPORT_VISIBILITY = YES;
				SWIFT_VERSION = 5.0;
				TEST_TARGET_NAME = PaxPhone;
			};
			name = Debug;
		};
		294C1BC52EAC340C003CB172 /* Release */ = {
			isa = XCBuildConfiguration;
			buildSettings = {
				CODE_SIGN_STYLE = Automatic;
				CURRENT_PROJECT_VERSION = 1;
				DEVELOPMENT_TEAM = 5R6YKQ25GW;
				GENERATE_INFOPLIST_FILE = YES;
				MARKETING_VERSION = 1.0;
				PRODUCT_BUNDLE_IDENTIFIER = tde.dev.PaxPhoneUITests;
				PRODUCT_NAME = "$(TARGET_NAME)";
				STRING_CATALOG_GENERATE_SYMBOLS = NO;
				SWIFT_APPROACHABLE_CONCURRENCY = YES;
				SWIFT_EMIT_LOC_STRINGS = NO;
				SWIFT_UPCOMING_FEATURE_MEMBER_IMPORT_VISIBILITY = YES;
				SWIFT_VERSION = 5.0;
				TEST_TARGET_NAME = PaxPhone;
			};
			name = Release;
		};
/* End XCBuildConfiguration section */

/* Begin XCConfigurationList section */
		294C1B952EAC340B003CB172 /* Build configuration list for PBXProject "PaxPhone" */ = {
			isa = XCConfigurationList;
			buildConfigurations = (
				294C1BBB2EAC340C003CB172 /* Debug */,
				294C1BBC2EAC340C003CB172 /* Release */,
			);
			defaultConfigurationIsVisible = 0;
			defaultConfigurationName = Release;
		};
		294C1BBD2EAC340C003CB172 /* Build configuration list for PBXNativeTarget "PaxPhone" */ = {
			isa = XCConfigurationList;
			buildConfigurations = (
				294C1BBE2EAC340C003CB172 /* Debug */,
				294C1BBF2EAC340C003CB172 /* Release */,
			);
			defaultConfigurationIsVisible = 0;
			defaultConfigurationName = Release;
		};
		294C1BC02EAC340C003CB172 /* Build configuration list for PBXNativeTarget "PaxPhoneTests" */ = {
			isa = XCConfigurationList;
			buildConfigurations = (
				294C1BC12EAC340C003CB172 /* Debug */,
				294C1BC22EAC340C003CB172 /* Release */,
			);
			defaultConfigurationIsVisible = 0;
			defaultConfigurationName = Release;
		};
		294C1BC32EAC340C003CB172 /* Build configuration list for PBXNativeTarget "PaxPhoneUITests" */ = {
			isa = XCConfigurationList;
			buildConfigurations = (
				294C1BC42EAC340C003CB172 /* Debug */,
				294C1BC52EAC340C003CB172 /* Release */,
			);
			defaultConfigurationIsVisible = 0;
			defaultConfigurationName = Release;
		};
/* End XCConfigurationList section */
	};
	rootObject = 294C1B922EAC340B003CB172 /* Project object */;
}
